// !$*UTF8*$!
{
	archiveVersion = 1;
	classes = {
	};
	objectVersion = 54;
	objects = {

/* Begin PBXBuildFile section */
		00E356F31AD99517003FC87E /* RN_BoilerplateAppTests.m in Sources */ = {isa = PBXBuildFile; fileRef = 00E356F21AD99517003FC87E /* RN_BoilerplateAppTests.m */; };
		03B4FEA62E68AB1C00F37BE6 /* AppDelegate.mm in Sources */ = {isa = PBXBuildFile; fileRef = 13B07FB01A68108700A75B9A /* AppDelegate.mm */; };
		03B4FEA72E68AB1C00F37BE6 /* main.m in Sources */ = {isa = PBXBuildFile; fileRef = 13B07FB71A68108700A75B9A /* main.m */; };
		03B4FEAB2E68AB1C00F37BE6 /* LaunchScreen.storyboard in Resources */ = {isa = PBXBuildFile; fileRef = 81AB9BB72411601600AC10FF /* LaunchScreen.storyboard */; };
		03B4FEAC2E68AB1C00F37BE6 /* Images.xcassets in Resources */ = {isa = PBXBuildFile; fileRef = 13B07FB51A68108700A75B9A /* Images.xcassets */; };
		03B4FEAD2E68AB1C00F37BE6 /* PrivacyInfo.xcprivacy in Resources */ = {isa = PBXBuildFile; fileRef = 13B07FB81A68108700A75B9A /* PrivacyInfo.xcprivacy */; };
		03B4FEAE2E68AB1C00F37BE6 /* NotoSans-Bold.ttf in Resources */ = {isa = PBXBuildFile; fileRef = D2837F16F6C74783BFB12385 /* NotoSans-Bold.ttf */; };
		03B4FEAF2E68AB1C00F37BE6 /* NotoSans-Medium.ttf in Resources */ = {isa = PBXBuildFile; fileRef = 2D25AC4700A74516B33644AD /* NotoSans-Medium.ttf */; };
		03B4FEB02E68AB1C00F37BE6 /* NotoSans-Regular.ttf in Resources */ = {isa = PBXBuildFile; fileRef = DE613EB2CCF74175B7139D0B /* NotoSans-Regular.ttf */; };
		03B4FEB12E68AB1C00F37BE6 /* NotoSans-SemiBold.ttf in Resources */ = {isa = PBXBuildFile; fileRef = E95DA86950DB4E27B443D7E4 /* NotoSans-SemiBold.ttf */; };
		03B4FEBD2E68BA0F00F37BE6 /* AppDelegate.mm in Sources */ = {isa = PBXBuildFile; fileRef = 13B07FB01A68108700A75B9A /* AppDelegate.mm */; };
		03B4FEBE2E68BA0F00F37BE6 /* main.m in Sources */ = {isa = PBXBuildFile; fileRef = 13B07FB71A68108700A75B9A /* main.m */; };
		03B4FEC22E68BA0F00F37BE6 /* LaunchScreen.storyboard in Resources */ = {isa = PBXBuildFile; fileRef = 81AB9BB72411601600AC10FF /* LaunchScreen.storyboard */; };
		03B4FEC32E68BA0F00F37BE6 /* Images.xcassets in Resources */ = {isa = PBXBuildFile; fileRef = 13B07FB51A68108700A75B9A /* Images.xcassets */; };
		03B4FEC42E68BA0F00F37BE6 /* PrivacyInfo.xcprivacy in Resources */ = {isa = PBXBuildFile; fileRef = 13B07FB81A68108700A75B9A /* PrivacyInfo.xcprivacy */; };
		03B4FEC52E68BA0F00F37BE6 /* NotoSans-Bold.ttf in Resources */ = {isa = PBXBuildFile; fileRef = D2837F16F6C74783BFB12385 /* NotoSans-Bold.ttf */; };
		03B4FEC62E68BA0F00F37BE6 /* NotoSans-Medium.ttf in Resources */ = {isa = PBXBuildFile; fileRef = 2D25AC4700A74516B33644AD /* NotoSans-Medium.ttf */; };
		03B4FEC72E68BA0F00F37BE6 /* NotoSans-Regular.ttf in Resources */ = {isa = PBXBuildFile; fileRef = DE613EB2CCF74175B7139D0B /* NotoSans-Regular.ttf */; };
		03B4FEC82E68BA0F00F37BE6 /* NotoSans-SemiBold.ttf in Resources */ = {isa = PBXBuildFile; fileRef = E95DA86950DB4E27B443D7E4 /* NotoSans-SemiBold.ttf */; };
		03B4FED82E68C01200F37BE6 /* Dev-Info.plist in Resources */ = {isa = PBXBuildFile; fileRef = 03B4FED72E68C01200F37BE6 /* Dev-Info.plist */; };
		03B4FED92E68C01200F37BE6 /* Dev-Info.plist in Resources */ = {isa = PBXBuildFile; fileRef = 03B4FED72E68C01200F37BE6 /* Dev-Info.plist */; };
		03B4FEDA2E68C01200F37BE6 /* Dev-Info.plist in Resources */ = {isa = PBXBuildFile; fileRef = 03B4FED72E68C01200F37BE6 /* Dev-Info.plist */; };
		03B4FEDC2E68C01900F37BE6 /* Staging-Info.plist in Resources */ = {isa = PBXBuildFile; fileRef = 03B4FEDB2E68C01900F37BE6 /* Staging-Info.plist */; };
		03B4FEDD2E68C01900F37BE6 /* Staging-Info.plist in Resources */ = {isa = PBXBuildFile; fileRef = 03B4FEDB2E68C01900F37BE6 /* Staging-Info.plist */; };
		03B4FEDE2E68C01900F37BE6 /* Staging-Info.plist in Resources */ = {isa = PBXBuildFile; fileRef = 03B4FEDB2E68C01900F37BE6 /* Staging-Info.plist */; };
		13B07FBC1A68108700A75B9A /* AppDelegate.mm in Sources */ = {isa = PBXBuildFile; fileRef = 13B07FB01A68108700A75B9A /* AppDelegate.mm */; };
		13B07FBF1A68108700A75B9A /* Images.xcassets in Resources */ = {isa = PBXBuildFile; fileRef = 13B07FB51A68108700A75B9A /* Images.xcassets */; };
		13B07FC11A68108700A75B9A /* main.m in Sources */ = {isa = PBXBuildFile; fileRef = 13B07FB71A68108700A75B9A /* main.m */; };
		190891A1F6C646BC9D240AF0 /* NotoSans-Regular.ttf in Resources */ = {isa = PBXBuildFile; fileRef = DE613EB2CCF74175B7139D0B /* NotoSans-Regular.ttf */; };
		1EFC42333765D7BE30F54F23 /* libPods-RN_BoilerplateApp.a in Frameworks */ = {isa = PBXBuildFile; fileRef = 15EF215B5DBD9F800D0E9BEA /* libPods-RN_BoilerplateApp.a */; };
		442BF2619EF54F2FBF771D5F /* NotoSans-Medium.ttf in Resources */ = {isa = PBXBuildFile; fileRef = 2D25AC4700A74516B33644AD /* NotoSans-Medium.ttf */; };
		53924DDD1A99034B59918C96 /* libPods-RN_BoilerplateApp-RN_BoilerplateAppTests.a in Frameworks */ = {isa = PBXBuildFile; fileRef = D412B9BDB01AAAA70F18A0C1 /* libPods-RN_BoilerplateApp-RN_BoilerplateAppTests.a */; };
		56038578ACC9C1D555E8333F /* (null) in Frameworks */ = {isa = PBXBuildFile; };
		617B0CA4863C795A6D208855 /* (null) in Frameworks */ = {isa = PBXBuildFile; };
		81AB9BB82411601600AC10FF /* LaunchScreen.storyboard in Resources */ = {isa = PBXBuildFile; fileRef = 81AB9BB72411601600AC10FF /* LaunchScreen.storyboard */; };
		999E9FF9630B4D57AFB8062E /* NotoSans-SemiBold.ttf in Resources */ = {isa = PBXBuildFile; fileRef = E95DA86950DB4E27B443D7E4 /* NotoSans-SemiBold.ttf */; };
		B6E475980019498590AAB7E0 /* NotoSans-Bold.ttf in Resources */ = {isa = PBXBuildFile; fileRef = D2837F16F6C74783BFB12385 /* NotoSans-Bold.ttf */; };
		DE70889667B98A61CE0B67AD /* libPods-RN_BoilerplateApp-RN_BoilerplateApp_Staging.a in Frameworks */ = {isa = PBXBuildFile; fileRef = 6EBE636AA29EADAC5FC0DC9F /* libPods-RN_BoilerplateApp-RN_BoilerplateApp_Staging.a */; };
		F0D730379D0B7869329C142F /* PrivacyInfo.xcprivacy in Resources */ = {isa = PBXBuildFile; fileRef = 13B07FB81A68108700A75B9A /* PrivacyInfo.xcprivacy */; };
/* End PBXBuildFile section */

/* Begin PBXContainerItemProxy section */
		00E356F41AD99517003FC87E /* PBXContainerItemProxy */ = {
			isa = PBXContainerItemProxy;
			containerPortal = 83CBB9F71A601CBA00E9B192 /* Project object */;
			proxyType = 1;
			remoteGlobalIDString = 13B07F861A680F5B00A75B9A;
			remoteInfo = RN_BoilerplateApp;
		};
/* End PBXContainerItemProxy section */

/* Begin PBXFileReference section */
		00E356EE1AD99517003FC87E /* RN_BoilerplateAppTests.xctest */ = {isa = PBXFileReference; explicitFileType = wrapper.cfbundle; includeInIndex = 0; path = RN_BoilerplateAppTests.xctest; sourceTree = BUILT_PRODUCTS_DIR; };
		00E356F11AD99517003FC87E /* Info.plist */ = {isa = PBXFileReference; lastKnownFileType = text.plist.xml; path = Info.plist; sourceTree = "<group>"; };
		00E356F21AD99517003FC87E /* RN_BoilerplateAppTests.m */ = {isa = PBXFileReference; lastKnownFileType = sourcecode.c.objc; path = RN_BoilerplateAppTests.m; sourceTree = "<group>"; };
		03B4FEB82E68AB1C00F37BE6 /* RN_BoilerplateApp_Dev.app */ = {isa = PBXFileReference; explicitFileType = wrapper.application; includeInIndex = 0; path = RN_BoilerplateApp_Dev.app; sourceTree = BUILT_PRODUCTS_DIR; };
		03B4FECF2E68BA0F00F37BE6 /* RN_BoilerplateApp_Staging.app */ = {isa = PBXFileReference; explicitFileType = wrapper.application; includeInIndex = 0; path = RN_BoilerplateApp_Staging.app; sourceTree = BUILT_PRODUCTS_DIR; };
		03B4FED72E68C01200F37BE6 /* Dev-Info.plist */ = {isa = PBXFileReference; lastKnownFileType = text.plist.xml; path = "Dev-Info.plist"; sourceTree = "<group>"; };
		03B4FEDB2E68C01900F37BE6 /* Staging-Info.plist */ = {isa = PBXFileReference; lastKnownFileType = text.plist.xml; path = "Staging-Info.plist"; sourceTree = "<group>"; };
		13B07F961A680F5B00A75B9A /* RN_BoilerplateApp.app */ = {isa = PBXFileReference; explicitFileType = wrapper.application; includeInIndex = 0; path = RN_BoilerplateApp.app; sourceTree = BUILT_PRODUCTS_DIR; };
		13B07FAF1A68108700A75B9A /* AppDelegate.h */ = {isa = PBXFileReference; fileEncoding = 4; lastKnownFileType = sourcecode.c.h; name = AppDelegate.h; path = RN_BoilerplateApp/AppDelegate.h; sourceTree = "<group>"; };
		13B07FB01A68108700A75B9A /* AppDelegate.mm */ = {isa = PBXFileReference; fileEncoding = 4; lastKnownFileType = sourcecode.cpp.objcpp; name = AppDelegate.mm; path = RN_BoilerplateApp/AppDelegate.mm; sourceTree = "<group>"; };
		13B07FB51A68108700A75B9A /* Images.xcassets */ = {isa = PBXFileReference; lastKnownFileType = folder.assetcatalog; name = Images.xcassets; path = RN_BoilerplateApp/Images.xcassets; sourceTree = "<group>"; };
		13B07FB61A68108700A75B9A /* Info.plist */ = {isa = PBXFileReference; fileEncoding = 4; lastKnownFileType = text.plist.xml; name = Info.plist; path = RN_BoilerplateApp/Info.plist; sourceTree = "<group>"; };
		13B07FB71A68108700A75B9A /* main.m */ = {isa = PBXFileReference; fileEncoding = 4; lastKnownFileType = sourcecode.c.objc; name = main.m; path = RN_BoilerplateApp/main.m; sourceTree = "<group>"; };
		13B07FB81A68108700A75B9A /* PrivacyInfo.xcprivacy */ = {isa = PBXFileReference; fileEncoding = 4; lastKnownFileType = text.plist.xml; name = PrivacyInfo.xcprivacy; path = RN_BoilerplateApp/PrivacyInfo.xcprivacy; sourceTree = "<group>"; };
		15EF215B5DBD9F800D0E9BEA /* libPods-RN_BoilerplateApp.a */ = {isa = PBXFileReference; explicitFileType = archive.ar; includeInIndex = 0; path = "libPods-RN_BoilerplateApp.a"; sourceTree = BUILT_PRODUCTS_DIR; };
		2D25AC4700A74516B33644AD /* NotoSans-Medium.ttf */ = {isa = PBXFileReference; explicitFileType = undefined; fileEncoding = 9; includeInIndex = 0; lastKnownFileType = unknown; name = "NotoSans-Medium.ttf"; path = "../assets/fonts/NotoSans-Medium.ttf"; sourceTree = "<group>"; };
		314A31C0927801B2AA832E17 /* Pods-RN_BoilerplateApp-RN_BoilerplateApp_Dev.release.xcconfig */ = {isa = PBXFileReference; includeInIndex = 1; lastKnownFileType = text.xcconfig; name = "Pods-RN_BoilerplateApp-RN_BoilerplateApp_Dev.release.xcconfig"; path = "Target Support Files/Pods-RN_BoilerplateApp-RN_BoilerplateApp_Dev/Pods-RN_BoilerplateApp-RN_BoilerplateApp_Dev.release.xcconfig"; sourceTree = "<group>"; };
		4E276941AD4D1828C868D76B /* Pods-RN_BoilerplateApp-RN_BoilerplateAppTests.release.xcconfig */ = {isa = PBXFileReference; includeInIndex = 1; lastKnownFileType = text.xcconfig; name = "Pods-RN_BoilerplateApp-RN_BoilerplateAppTests.release.xcconfig"; path = "Target Support Files/Pods-RN_BoilerplateApp-RN_BoilerplateAppTests/Pods-RN_BoilerplateApp-RN_BoilerplateAppTests.release.xcconfig"; sourceTree = "<group>"; };
		5024014C0B64C294D9EFF86E /* Pods-RN_BoilerplateApp-RN_BoilerplateApp_Dev.debug.xcconfig */ = {isa = PBXFileReference; includeInIndex = 1; lastKnownFileType = text.xcconfig; name = "Pods-RN_BoilerplateApp-RN_BoilerplateApp_Dev.debug.xcconfig"; path = "Target Support Files/Pods-RN_BoilerplateApp-RN_BoilerplateApp_Dev/Pods-RN_BoilerplateApp-RN_BoilerplateApp_Dev.debug.xcconfig"; sourceTree = "<group>"; };
		6B663A9CC547B563221E9A3B /* Pods-RN_BoilerplateApp-RN_BoilerplateApp_Staging.release.xcconfig */ = {isa = PBXFileReference; includeInIndex = 1; lastKnownFileType = text.xcconfig; name = "Pods-RN_BoilerplateApp-RN_BoilerplateApp_Staging.release.xcconfig"; path = "Target Support Files/Pods-RN_BoilerplateApp-RN_BoilerplateApp_Staging/Pods-RN_BoilerplateApp-RN_BoilerplateApp_Staging.release.xcconfig"; sourceTree = "<group>"; };
		6EBE636AA29EADAC5FC0DC9F /* libPods-RN_BoilerplateApp-RN_BoilerplateApp_Staging.a */ = {isa = PBXFileReference; explicitFileType = archive.ar; includeInIndex = 0; path = "libPods-RN_BoilerplateApp-RN_BoilerplateApp_Staging.a"; sourceTree = BUILT_PRODUCTS_DIR; };
		81AB9BB72411601600AC10FF /* LaunchScreen.storyboard */ = {isa = PBXFileReference; fileEncoding = 4; lastKnownFileType = file.storyboard; name = LaunchScreen.storyboard; path = RN_BoilerplateApp/LaunchScreen.storyboard; sourceTree = "<group>"; };
		8F6568B5C6494C0557CDB785 /* Pods-RN_BoilerplateApp.release.xcconfig */ = {isa = PBXFileReference; includeInIndex = 1; lastKnownFileType = text.xcconfig; name = "Pods-RN_BoilerplateApp.release.xcconfig"; path = "Target Support Files/Pods-RN_BoilerplateApp/Pods-RN_BoilerplateApp.release.xcconfig"; sourceTree = "<group>"; };
		D2837F16F6C74783BFB12385 /* NotoSans-Bold.ttf */ = {isa = PBXFileReference; explicitFileType = undefined; fileEncoding = 9; includeInIndex = 0; lastKnownFileType = unknown; name = "NotoSans-Bold.ttf"; path = "../assets/fonts/NotoSans-Bold.ttf"; sourceTree = "<group>"; };
		D412B9BDB01AAAA70F18A0C1 /* libPods-RN_BoilerplateApp-RN_BoilerplateAppTests.a */ = {isa = PBXFileReference; explicitFileType = archive.ar; includeInIndex = 0; path = "libPods-RN_BoilerplateApp-RN_BoilerplateAppTests.a"; sourceTree = BUILT_PRODUCTS_DIR; };
		DB78E6024E013C6E14052C22 /* Pods-RN_BoilerplateApp.debug.xcconfig */ = {isa = PBXFileReference; includeInIndex = 1; lastKnownFileType = text.xcconfig; name = "Pods-RN_BoilerplateApp.debug.xcconfig"; path = "Target Support Files/Pods-RN_BoilerplateApp/Pods-RN_BoilerplateApp.debug.xcconfig"; sourceTree = "<group>"; };
		DE613EB2CCF74175B7139D0B /* NotoSans-Regular.ttf */ = {isa = PBXFileReference; explicitFileType = undefined; fileEncoding = 9; includeInIndex = 0; lastKnownFileType = unknown; name = "NotoSans-Regular.ttf"; path = "../assets/fonts/NotoSans-Regular.ttf"; sourceTree = "<group>"; };
		E7B12852069F8D916AA34AEE /* Pods-RN_BoilerplateApp-RN_BoilerplateApp_Staging.debug.xcconfig */ = {isa = PBXFileReference; includeInIndex = 1; lastKnownFileType = text.xcconfig; name = "Pods-RN_BoilerplateApp-RN_BoilerplateApp_Staging.debug.xcconfig"; path = "Target Support Files/Pods-RN_BoilerplateApp-RN_BoilerplateApp_Staging/Pods-RN_BoilerplateApp-RN_BoilerplateApp_Staging.debug.xcconfig"; sourceTree = "<group>"; };
		E896F2DE8D51A15F77161315 /* Pods-RN_BoilerplateApp-RN_BoilerplateAppTests.debug.xcconfig */ = {isa = PBXFileReference; includeInIndex = 1; lastKnownFileType = text.xcconfig; name = "Pods-RN_BoilerplateApp-RN_BoilerplateAppTests.debug.xcconfig"; path = "Target Support Files/Pods-RN_BoilerplateApp-RN_BoilerplateAppTests/Pods-RN_BoilerplateApp-RN_BoilerplateAppTests.debug.xcconfig"; sourceTree = "<group>"; };
		E95DA86950DB4E27B443D7E4 /* NotoSans-SemiBold.ttf */ = {isa = PBXFileReference; explicitFileType = undefined; fileEncoding = 9; includeInIndex = 0; lastKnownFileType = unknown; name = "NotoSans-SemiBold.ttf"; path = "../assets/fonts/NotoSans-SemiBold.ttf"; sourceTree = "<group>"; };
		ED297162215061F000B7C4FE /* JavaScriptCore.framework */ = {isa = PBXFileReference; lastKnownFileType = wrapper.framework; name = JavaScriptCore.framework; path = System/Library/Frameworks/JavaScriptCore.framework; sourceTree = SDKROOT; };
/* End PBXFileReference section */

/* Begin PBXFrameworksBuildPhase section */
		00E356EB1AD99517003FC87E /* Frameworks */ = {
			isa = PBXFrameworksBuildPhase;
			buildActionMask = 2147483647;
			files = (
				53924DDD1A99034B59918C96 /* libPods-RN_BoilerplateApp-RN_BoilerplateAppTests.a in Frameworks */,
			);
			runOnlyForDeploymentPostprocessing = 0;
		};
		03B4FEA82E68AB1C00F37BE6 /* Frameworks */ = {
			isa = PBXFrameworksBuildPhase;
			buildActionMask = 2147483647;
			files = (
				617B0CA4863C795A6D208855 /* (null) in Frameworks */,
			);
			runOnlyForDeploymentPostprocessing = 0;
		};
		03B4FEBF2E68BA0F00F37BE6 /* Frameworks */ = {
			isa = PBXFrameworksBuildPhase;
			buildActionMask = 2147483647;
			files = (
				DE70889667B98A61CE0B67AD /* libPods-RN_BoilerplateApp-RN_BoilerplateApp_Staging.a in Frameworks */,
			);
			runOnlyForDeploymentPostprocessing = 0;
		};
		13B07F8C1A680F5B00A75B9A /* Frameworks */ = {
			isa = PBXFrameworksBuildPhase;
			buildActionMask = 2147483647;
			files = (
				56038578ACC9C1D555E8333F /* (null) in Frameworks */,
				1EFC42333765D7BE30F54F23 /* libPods-RN_BoilerplateApp.a in Frameworks */,
			);
			runOnlyForDeploymentPostprocessing = 0;
		};
/* End PBXFrameworksBuildPhase section */

/* Begin PBXGroup section */
		00E356EF1AD99517003FC87E /* RN_BoilerplateAppTests */ = {
			isa = PBXGroup;
			children = (
				00E356F21AD99517003FC87E /* RN_BoilerplateAppTests.m */,
				00E356F01AD99517003FC87E /* Supporting Files */,
			);
			path = RN_BoilerplateAppTests;
			sourceTree = "<group>";
		};
		00E356F01AD99517003FC87E /* Supporting Files */ = {
			isa = PBXGroup;
			children = (
				00E356F11AD99517003FC87E /* Info.plist */,
			);
			name = "Supporting Files";
			sourceTree = "<group>";
		};
		13B07FAE1A68108700A75B9A /* RN_BoilerplateApp */ = {
			isa = PBXGroup;
			children = (
				13B07FAF1A68108700A75B9A /* AppDelegate.h */,
				13B07FB01A68108700A75B9A /* AppDelegate.mm */,
				13B07FB51A68108700A75B9A /* Images.xcassets */,
				13B07FB61A68108700A75B9A /* Info.plist */,
				81AB9BB72411601600AC10FF /* LaunchScreen.storyboard */,
				13B07FB71A68108700A75B9A /* main.m */,
				13B07FB81A68108700A75B9A /* PrivacyInfo.xcprivacy */,
				03B4FED72E68C01200F37BE6 /* Dev-Info.plist */,
				03B4FEDB2E68C01900F37BE6 /* Staging-Info.plist */,
			);
			name = RN_BoilerplateApp;
			sourceTree = "<group>";
		};
		2D16E6871FA4F8E400B85C8A /* Frameworks */ = {
			isa = PBXGroup;
			children = (
				ED297162215061F000B7C4FE /* JavaScriptCore.framework */,
				D412B9BDB01AAAA70F18A0C1 /* libPods-RN_BoilerplateApp-RN_BoilerplateAppTests.a */,
				15EF215B5DBD9F800D0E9BEA /* libPods-RN_BoilerplateApp.a */,
				6EBE636AA29EADAC5FC0DC9F /* libPods-RN_BoilerplateApp-RN_BoilerplateApp_Staging.a */,
			);
			name = Frameworks;
			sourceTree = "<group>";
		};
		32F5AE08A88A4DA5AA573BFD /* Resources */ = {
			isa = PBXGroup;
			children = (
				D2837F16F6C74783BFB12385 /* NotoSans-Bold.ttf */,
				2D25AC4700A74516B33644AD /* NotoSans-Medium.ttf */,
				DE613EB2CCF74175B7139D0B /* NotoSans-Regular.ttf */,
				E95DA86950DB4E27B443D7E4 /* NotoSans-SemiBold.ttf */,
			);
			name = Resources;
			sourceTree = "<group>";
		};
		832341AE1AAA6A7D00B99B32 /* Libraries */ = {
			isa = PBXGroup;
			children = (
			);
			name = Libraries;
			sourceTree = "<group>";
		};
		83CBB9F61A601CBA00E9B192 = {
			isa = PBXGroup;
			children = (
				13B07FAE1A68108700A75B9A /* RN_BoilerplateApp */,
				832341AE1AAA6A7D00B99B32 /* Libraries */,
				00E356EF1AD99517003FC87E /* RN_BoilerplateAppTests */,
				83CBBA001A601CBA00E9B192 /* Products */,
				2D16E6871FA4F8E400B85C8A /* Frameworks */,
				BBD78D7AC51CEA395F1C20DB /* Pods */,
				32F5AE08A88A4DA5AA573BFD /* Resources */,
			);
			indentWidth = 2;
			sourceTree = "<group>";
			tabWidth = 2;
			usesTabs = 0;
		};
		83CBBA001A601CBA00E9B192 /* Products */ = {
			isa = PBXGroup;
			children = (
				13B07F961A680F5B00A75B9A /* RN_BoilerplateApp.app */,
				00E356EE1AD99517003FC87E /* RN_BoilerplateAppTests.xctest */,
				03B4FEB82E68AB1C00F37BE6 /* RN_BoilerplateApp_Dev.app */,
				03B4FECF2E68BA0F00F37BE6 /* RN_BoilerplateApp_Staging.app */,
			);
			name = Products;
			sourceTree = "<group>";
		};
		BBD78D7AC51CEA395F1C20DB /* Pods */ = {
			isa = PBXGroup;
			children = (
				DB78E6024E013C6E14052C22 /* Pods-RN_BoilerplateApp.debug.xcconfig */,
				8F6568B5C6494C0557CDB785 /* Pods-RN_BoilerplateApp.release.xcconfig */,
				E896F2DE8D51A15F77161315 /* Pods-RN_BoilerplateApp-RN_BoilerplateAppTests.debug.xcconfig */,
				4E276941AD4D1828C868D76B /* Pods-RN_BoilerplateApp-RN_BoilerplateAppTests.release.xcconfig */,
				5024014C0B64C294D9EFF86E /* Pods-RN_BoilerplateApp-RN_BoilerplateApp_Dev.debug.xcconfig */,
				314A31C0927801B2AA832E17 /* Pods-RN_BoilerplateApp-RN_BoilerplateApp_Dev.release.xcconfig */,
				E7B12852069F8D916AA34AEE /* Pods-RN_BoilerplateApp-RN_BoilerplateApp_Staging.debug.xcconfig */,
				6B663A9CC547B563221E9A3B /* Pods-RN_BoilerplateApp-RN_BoilerplateApp_Staging.release.xcconfig */,
			);
			path = Pods;
			sourceTree = "<group>";
		};
/* End PBXGroup section */

/* Begin PBXNativeTarget section */
		00E356ED1AD99517003FC87E /* RN_BoilerplateAppTests */ = {
			isa = PBXNativeTarget;
			buildConfigurationList = 00E357021AD99517003FC87E /* Build configuration list for PBXNativeTarget "RN_BoilerplateAppTests" */;
			buildPhases = (
				1DFC4FC9968D3CDA30148313 /* [CP] Check Pods Manifest.lock */,
				00E356EA1AD99517003FC87E /* Sources */,
				00E356EB1AD99517003FC87E /* Frameworks */,
				00E356EC1AD99517003FC87E /* Resources */,
				FC3628895CDC28A229223E7F /* [CP] Embed Pods Frameworks */,
				E33911F6772208F2DEB66841 /* [CP] Copy Pods Resources */,
			);
			buildRules = (
			);
			dependencies = (
				00E356F51AD99517003FC87E /* PBXTargetDependency */,
			);
			name = RN_BoilerplateAppTests;
			productName = RN_BoilerplateAppTests;
			productReference = 00E356EE1AD99517003FC87E /* RN_BoilerplateAppTests.xctest */;
			productType = "com.apple.product-type.bundle.unit-test";
		};
		03B4FEA32E68AB1C00F37BE6 /* RN_BoilerplateApp_Dev */ = {
			isa = PBXNativeTarget;
			buildConfigurationList = 03B4FEB52E68AB1C00F37BE6 /* Build configuration list for PBXNativeTarget "RN_BoilerplateApp_Dev" */;
			buildPhases = (
				03B4FEA42E68AB1C00F37BE6 /* [CP] Check Pods Manifest.lock */,
				03B4FEA52E68AB1C00F37BE6 /* Sources */,
				03B4FEA82E68AB1C00F37BE6 /* Frameworks */,
				03B4FEAA2E68AB1C00F37BE6 /* Resources */,
				03B4FEB22E68AB1C00F37BE6 /* Bundle React Native code and images */,
				03B4FEB32E68AB1C00F37BE6 /* [CP] Embed Pods Frameworks */,
				03B4FEB42E68AB1C00F37BE6 /* [CP] Copy Pods Resources */,
			);
			buildRules = (
			);
			dependencies = (
			);
			name = RN_BoilerplateApp_Dev;
			productName = RN_BoilerplateApp;
			productReference = 03B4FEB82E68AB1C00F37BE6 /* RN_BoilerplateApp_Dev.app */;
			productType = "com.apple.product-type.application";
		};
		03B4FEBA2E68BA0F00F37BE6 /* RN_BoilerplateApp_Staging */ = {
			isa = PBXNativeTarget;
			buildConfigurationList = 03B4FECC2E68BA0F00F37BE6 /* Build configuration list for PBXNativeTarget "RN_BoilerplateApp_Staging" */;
			buildPhases = (
				03B4FEBB2E68BA0F00F37BE6 /* [CP] Check Pods Manifest.lock */,
				03B4FEBC2E68BA0F00F37BE6 /* Sources */,
				03B4FEBF2E68BA0F00F37BE6 /* Frameworks */,
				03B4FEC12E68BA0F00F37BE6 /* Resources */,
				03B4FEC92E68BA0F00F37BE6 /* Bundle React Native code and images */,
				03B4FECA2E68BA0F00F37BE6 /* [CP] Embed Pods Frameworks */,
				03B4FECB2E68BA0F00F37BE6 /* [CP] Copy Pods Resources */,
			);
			buildRules = (
			);
			dependencies = (
			);
			name = RN_BoilerplateApp_Staging;
			productName = RN_BoilerplateApp;
			productReference = 03B4FECF2E68BA0F00F37BE6 /* RN_BoilerplateApp_Staging.app */;
			productType = "com.apple.product-type.application";
		};
		13B07F861A680F5B00A75B9A /* RN_BoilerplateApp */ = {
			isa = PBXNativeTarget;
			buildConfigurationList = 13B07F931A680F5B00A75B9A /* Build configuration list for PBXNativeTarget "RN_BoilerplateApp" */;
			buildPhases = (
				9B51EA55E286B080063B68E6 /* [CP] Check Pods Manifest.lock */,
				13B07F871A680F5B00A75B9A /* Sources */,
				13B07F8C1A680F5B00A75B9A /* Frameworks */,
				13B07F8E1A680F5B00A75B9A /* Resources */,
				00DD1BFF1BD5951E006B06BC /* Bundle React Native code and images */,
				B657FB6E3E569852BB7F5B4E /* [CP] Embed Pods Frameworks */,
				A03C498283226AC14B5C5D9A /* [CP] Copy Pods Resources */,
			);
			buildRules = (
			);
			dependencies = (
			);
			name = RN_BoilerplateApp;
			productName = RN_BoilerplateApp;
			productReference = 13B07F961A680F5B00A75B9A /* RN_BoilerplateApp.app */;
			productType = "com.apple.product-type.application";
		};
/* End PBXNativeTarget section */

/* Begin PBXProject section */
		83CBB9F71A601CBA00E9B192 /* Project object */ = {
			isa = PBXProject;
			attributes = {
				LastUpgradeCheck = 1210;
				TargetAttributes = {
					00E356ED1AD99517003FC87E = {
						CreatedOnToolsVersion = 6.2;
						TestTargetID = 13B07F861A680F5B00A75B9A;
					};
					13B07F861A680F5B00A75B9A = {
						LastSwiftMigration = 1120;
					};
				};
			};
			buildConfigurationList = 83CBB9FA1A601CBA00E9B192 /* Build configuration list for PBXProject "RN_BoilerplateApp" */;
			compatibilityVersion = "Xcode 12.0";
			developmentRegion = en;
			hasScannedForEncodings = 0;
			knownRegions = (
				en,
				Base,
			);
			mainGroup = 83CBB9F61A601CBA00E9B192;
			productRefGroup = 83CBBA001A601CBA00E9B192 /* Products */;
			projectDirPath = "";
			projectRoot = "";
			targets = (
				13B07F861A680F5B00A75B9A /* RN_BoilerplateApp */,
				00E356ED1AD99517003FC87E /* RN_BoilerplateAppTests */,
				03B4FEA32E68AB1C00F37BE6 /* RN_BoilerplateApp_Dev */,
				03B4FEBA2E68BA0F00F37BE6 /* RN_BoilerplateApp_Staging */,
			);
		};
/* End PBXProject section */

/* Begin PBXResourcesBuildPhase section */
		00E356EC1AD99517003FC87E /* Resources */ = {
			isa = PBXResourcesBuildPhase;
			buildActionMask = 2147483647;
			files = (
			);
			runOnlyForDeploymentPostprocessing = 0;
		};
		03B4FEAA2E68AB1C00F37BE6 /* Resources */ = {
			isa = PBXResourcesBuildPhase;
			buildActionMask = 2147483647;
			files = (
				03B4FEDA2E68C01200F37BE6 /* Dev-Info.plist in Resources */,
				03B4FEAB2E68AB1C00F37BE6 /* LaunchScreen.storyboard in Resources */,
				03B4FEAC2E68AB1C00F37BE6 /* Images.xcassets in Resources */,
				03B4FEAD2E68AB1C00F37BE6 /* PrivacyInfo.xcprivacy in Resources */,
				03B4FEAE2E68AB1C00F37BE6 /* NotoSans-Bold.ttf in Resources */,
				03B4FEAF2E68AB1C00F37BE6 /* NotoSans-Medium.ttf in Resources */,
				03B4FEDE2E68C01900F37BE6 /* Staging-Info.plist in Resources */,
				03B4FEB02E68AB1C00F37BE6 /* NotoSans-Regular.ttf in Resources */,
				03B4FEB12E68AB1C00F37BE6 /* NotoSans-SemiBold.ttf in Resources */,
			);
			runOnlyForDeploymentPostprocessing = 0;
		};
		03B4FEC12E68BA0F00F37BE6 /* Resources */ = {
			isa = PBXResourcesBuildPhase;
			buildActionMask = 2147483647;
			files = (
				03B4FED82E68C01200F37BE6 /* Dev-Info.plist in Resources */,
				03B4FEC22E68BA0F00F37BE6 /* LaunchScreen.storyboard in Resources */,
				03B4FEC32E68BA0F00F37BE6 /* Images.xcassets in Resources */,
				03B4FEC42E68BA0F00F37BE6 /* PrivacyInfo.xcprivacy in Resources */,
				03B4FEC52E68BA0F00F37BE6 /* NotoSans-Bold.ttf in Resources */,
				03B4FEC62E68BA0F00F37BE6 /* NotoSans-Medium.ttf in Resources */,
				03B4FEDC2E68C01900F37BE6 /* Staging-Info.plist in Resources */,
				03B4FEC72E68BA0F00F37BE6 /* NotoSans-Regular.ttf in Resources */,
				03B4FEC82E68BA0F00F37BE6 /* NotoSans-SemiBold.ttf in Resources */,
			);
			runOnlyForDeploymentPostprocessing = 0;
		};
		13B07F8E1A680F5B00A75B9A /* Resources */ = {
			isa = PBXResourcesBuildPhase;
			buildActionMask = 2147483647;
			files = (
				03B4FED92E68C01200F37BE6 /* Dev-Info.plist in Resources */,
				81AB9BB82411601600AC10FF /* LaunchScreen.storyboard in Resources */,
				13B07FBF1A68108700A75B9A /* Images.xcassets in Resources */,
				F0D730379D0B7869329C142F /* PrivacyInfo.xcprivacy in Resources */,
				B6E475980019498590AAB7E0 /* NotoSans-Bold.ttf in Resources */,
				442BF2619EF54F2FBF771D5F /* NotoSans-Medium.ttf in Resources */,
				03B4FEDD2E68C01900F37BE6 /* Staging-Info.plist in Resources */,
				190891A1F6C646BC9D240AF0 /* NotoSans-Regular.ttf in Resources */,
				999E9FF9630B4D57AFB8062E /* NotoSans-SemiBold.ttf in Resources */,
			);
			runOnlyForDeploymentPostprocessing = 0;
		};
/* End PBXResourcesBuildPhase section */

/* Begin PBXShellScriptBuildPhase section */
		00DD1BFF1BD5951E006B06BC /* Bundle React Native code and images */ = {
			isa = PBXShellScriptBuildPhase;
			buildActionMask = 2147483647;
			files = (
			);
			inputPaths = (
				"$(SRCROOT)/.xcode.env.local",
				"$(SRCROOT)/.xcode.env",
			);
			name = "Bundle React Native code and images";
			outputPaths = (
			);
			runOnlyForDeploymentPostprocessing = 0;
			shellPath = /bin/sh;
			shellScript = "set -e\n\nWITH_ENVIRONMENT=\"$REACT_NATIVE_PATH/scripts/xcode/with-environment.sh\"\nREACT_NATIVE_XCODE=\"$REACT_NATIVE_PATH/scripts/react-native-xcode.sh\"\n\n/bin/sh -c \"$WITH_ENVIRONMENT $REACT_NATIVE_XCODE\"\n";
		};
		03B4FEA42E68AB1C00F37BE6 /* [CP] Check Pods Manifest.lock */ = {
			isa = PBXShellScriptBuildPhase;
			buildActionMask = 2147483647;
			files = (
			);
			inputFileListPaths = (
			);
			inputPaths = (
				"${PODS_PODFILE_DIR_PATH}/Podfile.lock",
				"${PODS_ROOT}/Manifest.lock",
			);
			name = "[CP] Check Pods Manifest.lock";
			outputFileListPaths = (
			);
			outputPaths = (
				"$(DERIVED_FILE_DIR)/Pods-RN_BoilerplateApp-RN_BoilerplateApp_Dev-checkManifestLockResult.txt",
			);
			runOnlyForDeploymentPostprocessing = 0;
			shellPath = /bin/sh;
			shellScript = "diff \"${PODS_PODFILE_DIR_PATH}/Podfile.lock\" \"${PODS_ROOT}/Manifest.lock\" > /dev/null\nif [ $? != 0 ] ; then\n    # print error to STDERR\n    echo \"error: The sandbox is not in sync with the Podfile.lock. Run 'pod install' or update your CocoaPods installation.\" >&2\n    exit 1\nfi\n# This output is used by Xcode 'outputs' to avoid re-running this script phase.\necho \"SUCCESS\" > \"${SCRIPT_OUTPUT_FILE_0}\"\n";
			showEnvVarsInLog = 0;
		};
		03B4FEB22E68AB1C00F37BE6 /* Bundle React Native code and images */ = {
			isa = PBXShellScriptBuildPhase;
			buildActionMask = 2147483647;
			files = (
			);
			inputPaths = (
				"$(SRCROOT)/.xcode.env.local",
				"$(SRCROOT)/.xcode.env",
			);
			name = "Bundle React Native code and images";
			outputPaths = (
			);
			runOnlyForDeploymentPostprocessing = 0;
			shellPath = /bin/sh;
			shellScript = "set -e\n\nWITH_ENVIRONMENT=\"$REACT_NATIVE_PATH/scripts/xcode/with-environment.sh\"\nREACT_NATIVE_XCODE=\"$REACT_NATIVE_PATH/scripts/react-native-xcode.sh\"\n\n/bin/sh -c \"$WITH_ENVIRONMENT $REACT_NATIVE_XCODE\"\n";
		};
		03B4FEB32E68AB1C00F37BE6 /* [CP] Embed Pods Frameworks */ = {
			isa = PBXShellScriptBuildPhase;
			buildActionMask = 2147483647;
			files = (
			);
			inputFileListPaths = (
				"${PODS_ROOT}/Target Support Files/Pods-RN_BoilerplateApp-RN_BoilerplateApp_Dev/Pods-RN_BoilerplateApp-RN_BoilerplateApp_Dev-frameworks-${CONFIGURATION}-input-files.xcfilelist",
			);
			name = "[CP] Embed Pods Frameworks";
			outputFileListPaths = (
				"${PODS_ROOT}/Target Support Files/Pods-RN_BoilerplateApp-RN_BoilerplateApp_Dev/Pods-RN_BoilerplateApp-RN_BoilerplateApp_Dev-frameworks-${CONFIGURATION}-output-files.xcfilelist",
			);
			runOnlyForDeploymentPostprocessing = 0;
			shellPath = /bin/sh;
			shellScript = "\"${PODS_ROOT}/Target Support Files/Pods-RN_BoilerplateApp-RN_BoilerplateApp_Dev/Pods-RN_BoilerplateApp-RN_BoilerplateApp_Dev-frameworks.sh\"\n";
			showEnvVarsInLog = 0;
		};
		03B4FEB42E68AB1C00F37BE6 /* [CP] Copy Pods Resources */ = {
			isa = PBXShellScriptBuildPhase;
			buildActionMask = 2147483647;
			files = (
			);
			inputFileListPaths = (
				"${PODS_ROOT}/Target Support Files/Pods-RN_BoilerplateApp-RN_BoilerplateApp_Dev/Pods-RN_BoilerplateApp-RN_BoilerplateApp_Dev-resources-${CONFIGURATION}-input-files.xcfilelist",
			);
			name = "[CP] Copy Pods Resources";
			outputFileListPaths = (
				"${PODS_ROOT}/Target Support Files/Pods-RN_BoilerplateApp-RN_BoilerplateApp_Dev/Pods-RN_BoilerplateApp-RN_BoilerplateApp_Dev-resources-${CONFIGURATION}-output-files.xcfilelist",
			);
			runOnlyForDeploymentPostprocessing = 0;
			shellPath = /bin/sh;
			shellScript = "\"${PODS_ROOT}/Target Support Files/Pods-RN_BoilerplateApp-RN_BoilerplateApp_Dev/Pods-RN_BoilerplateApp-RN_BoilerplateApp_Dev-resources.sh\"\n";
			showEnvVarsInLog = 0;
		};
		03B4FEBB2E68BA0F00F37BE6 /* [CP] Check Pods Manifest.lock */ = {
			isa = PBXShellScriptBuildPhase;
			buildActionMask = 2147483647;
			files = (
			);
			inputFileListPaths = (
			);
			inputPaths = (
				"${PODS_PODFILE_DIR_PATH}/Podfile.lock",
				"${PODS_ROOT}/Manifest.lock",
			);
			name = "[CP] Check Pods Manifest.lock";
			outputFileListPaths = (
			);
			outputPaths = (
				"$(DERIVED_FILE_DIR)/Pods-RN_BoilerplateApp-RN_BoilerplateApp_Staging-checkManifestLockResult.txt",
			);
			runOnlyForDeploymentPostprocessing = 0;
			shellPath = /bin/sh;
			shellScript = "diff \"${PODS_PODFILE_DIR_PATH}/Podfile.lock\" \"${PODS_ROOT}/Manifest.lock\" > /dev/null\nif [ $? != 0 ] ; then\n    # print error to STDERR\n    echo \"error: The sandbox is not in sync with the Podfile.lock. Run 'pod install' or update your CocoaPods installation.\" >&2\n    exit 1\nfi\n# This output is used by Xcode 'outputs' to avoid re-running this script phase.\necho \"SUCCESS\" > \"${SCRIPT_OUTPUT_FILE_0}\"\n";
			showEnvVarsInLog = 0;
		};
		03B4FEC92E68BA0F00F37BE6 /* Bundle React Native code and images */ = {
			isa = PBXShellScriptBuildPhase;
			buildActionMask = 2147483647;
			files = (
			);
			inputPaths = (
				"$(SRCROOT)/.xcode.env.local",
				"$(SRCROOT)/.xcode.env",
			);
			name = "Bundle React Native code and images";
			outputPaths = (
			);
			runOnlyForDeploymentPostprocessing = 0;
			shellPath = /bin/sh;
			shellScript = "set -e\n\nWITH_ENVIRONMENT=\"$REACT_NATIVE_PATH/scripts/xcode/with-environment.sh\"\nREACT_NATIVE_XCODE=\"$REACT_NATIVE_PATH/scripts/react-native-xcode.sh\"\n\n/bin/sh -c \"$WITH_ENVIRONMENT $REACT_NATIVE_XCODE\"\n";
		};
		03B4FECA2E68BA0F00F37BE6 /* [CP] Embed Pods Frameworks */ = {
			isa = PBXShellScriptBuildPhase;
			buildActionMask = 2147483647;
			files = (
			);
			inputFileListPaths = (
				"${PODS_ROOT}/Target Support Files/Pods-RN_BoilerplateApp-RN_BoilerplateApp_Staging/Pods-RN_BoilerplateApp-RN_BoilerplateApp_Staging-frameworks-${CONFIGURATION}-input-files.xcfilelist",
			);
			name = "[CP] Embed Pods Frameworks";
			outputFileListPaths = (
				"${PODS_ROOT}/Target Support Files/Pods-RN_BoilerplateApp-RN_BoilerplateApp_Staging/Pods-RN_BoilerplateApp-RN_BoilerplateApp_Staging-frameworks-${CONFIGURATION}-output-files.xcfilelist",
			);
			runOnlyForDeploymentPostprocessing = 0;
			shellPath = /bin/sh;
			shellScript = "\"${PODS_ROOT}/Target Support Files/Pods-RN_BoilerplateApp-RN_BoilerplateApp_Staging/Pods-RN_BoilerplateApp-RN_BoilerplateApp_Staging-frameworks.sh\"\n";
			showEnvVarsInLog = 0;
		};
		03B4FECB2E68BA0F00F37BE6 /* [CP] Copy Pods Resources */ = {
			isa = PBXShellScriptBuildPhase;
			buildActionMask = 2147483647;
			files = (
			);
			inputFileListPaths = (
				"${PODS_ROOT}/Target Support Files/Pods-RN_BoilerplateApp-RN_BoilerplateApp_Staging/Pods-RN_BoilerplateApp-RN_BoilerplateApp_Staging-resources-${CONFIGURATION}-input-files.xcfilelist",
			);
			name = "[CP] Copy Pods Resources";
			outputFileListPaths = (
				"${PODS_ROOT}/Target Support Files/Pods-RN_BoilerplateApp-RN_BoilerplateApp_Staging/Pods-RN_BoilerplateApp-RN_BoilerplateApp_Staging-resources-${CONFIGURATION}-output-files.xcfilelist",
			);
			runOnlyForDeploymentPostprocessing = 0;
			shellPath = /bin/sh;
			shellScript = "\"${PODS_ROOT}/Target Support Files/Pods-RN_BoilerplateApp-RN_BoilerplateApp_Staging/Pods-RN_BoilerplateApp-RN_BoilerplateApp_Staging-resources.sh\"\n";
			showEnvVarsInLog = 0;
		};
		1DFC4FC9968D3CDA30148313 /* [CP] Check Pods Manifest.lock */ = {
			isa = PBXShellScriptBuildPhase;
			buildActionMask = 2147483647;
			files = (
			);
			inputFileListPaths = (
			);
			inputPaths = (
				"${PODS_PODFILE_DIR_PATH}/Podfile.lock",
				"${PODS_ROOT}/Manifest.lock",
			);
			name = "[CP] Check Pods Manifest.lock";
			outputFileListPaths = (
			);
			outputPaths = (
				"$(DERIVED_FILE_DIR)/Pods-RN_BoilerplateApp-RN_BoilerplateAppTests-checkManifestLockResult.txt",
			);
			runOnlyForDeploymentPostprocessing = 0;
			shellPath = /bin/sh;
			shellScript = "diff \"${PODS_PODFILE_DIR_PATH}/Podfile.lock\" \"${PODS_ROOT}/Manifest.lock\" > /dev/null\nif [ $? != 0 ] ; then\n    # print error to STDERR\n    echo \"error: The sandbox is not in sync with the Podfile.lock. Run 'pod install' or update your CocoaPods installation.\" >&2\n    exit 1\nfi\n# This output is used by Xcode 'outputs' to avoid re-running this script phase.\necho \"SUCCESS\" > \"${SCRIPT_OUTPUT_FILE_0}\"\n";
			showEnvVarsInLog = 0;
		};
		9B51EA55E286B080063B68E6 /* [CP] Check Pods Manifest.lock */ = {
			isa = PBXShellScriptBuildPhase;
			buildActionMask = 2147483647;
			files = (
			);
			inputFileListPaths = (
			);
			inputPaths = (
				"${PODS_PODFILE_DIR_PATH}/Podfile.lock",
				"${PODS_ROOT}/Manifest.lock",
			);
			name = "[CP] Check Pods Manifest.lock";
			outputFileListPaths = (
			);
			outputPaths = (
				"$(DERIVED_FILE_DIR)/Pods-RN_BoilerplateApp-checkManifestLockResult.txt",
			);
			runOnlyForDeploymentPostprocessing = 0;
			shellPath = /bin/sh;
			shellScript = "diff \"${PODS_PODFILE_DIR_PATH}/Podfile.lock\" \"${PODS_ROOT}/Manifest.lock\" > /dev/null\nif [ $? != 0 ] ; then\n    # print error to STDERR\n    echo \"error: The sandbox is not in sync with the Podfile.lock. Run 'pod install' or update your CocoaPods installation.\" >&2\n    exit 1\nfi\n# This output is used by Xcode 'outputs' to avoid re-running this script phase.\necho \"SUCCESS\" > \"${SCRIPT_OUTPUT_FILE_0}\"\n";
			showEnvVarsInLog = 0;
		};
		A03C498283226AC14B5C5D9A /* [CP] Copy Pods Resources */ = {
			isa = PBXShellScriptBuildPhase;
			buildActionMask = 2147483647;
			files = (
			);
			inputFileListPaths = (
				"${PODS_ROOT}/Target Support Files/Pods-RN_BoilerplateApp/Pods-RN_BoilerplateApp-resources-${CONFIGURATION}-input-files.xcfilelist",
			);
			name = "[CP] Copy Pods Resources";
			outputFileListPaths = (
				"${PODS_ROOT}/Target Support Files/Pods-RN_BoilerplateApp/Pods-RN_BoilerplateApp-resources-${CONFIGURATION}-output-files.xcfilelist",
			);
			runOnlyForDeploymentPostprocessing = 0;
			shellPath = /bin/sh;
			shellScript = "\"${PODS_ROOT}/Target Support Files/Pods-RN_BoilerplateApp/Pods-RN_BoilerplateApp-resources.sh\"\n";
			showEnvVarsInLog = 0;
		};
		B657FB6E3E569852BB7F5B4E /* [CP] Embed Pods Frameworks */ = {
			isa = PBXShellScriptBuildPhase;
			buildActionMask = 2147483647;
			files = (
			);
			inputFileListPaths = (
				"${PODS_ROOT}/Target Support Files/Pods-RN_BoilerplateApp/Pods-RN_BoilerplateApp-frameworks-${CONFIGURATION}-input-files.xcfilelist",
			);
			name = "[CP] Embed Pods Frameworks";
			outputFileListPaths = (
				"${PODS_ROOT}/Target Support Files/Pods-RN_BoilerplateApp/Pods-RN_BoilerplateApp-frameworks-${CONFIGURATION}-output-files.xcfilelist",
			);
			runOnlyForDeploymentPostprocessing = 0;
			shellPath = /bin/sh;
			shellScript = "\"${PODS_ROOT}/Target Support Files/Pods-RN_BoilerplateApp/Pods-RN_BoilerplateApp-frameworks.sh\"\n";
			showEnvVarsInLog = 0;
		};
		E33911F6772208F2DEB66841 /* [CP] Copy Pods Resources */ = {
			isa = PBXShellScriptBuildPhase;
			buildActionMask = 2147483647;
			files = (
			);
			inputFileListPaths = (
				"${PODS_ROOT}/Target Support Files/Pods-RN_BoilerplateApp-RN_BoilerplateAppTests/Pods-RN_BoilerplateApp-RN_BoilerplateAppTests-resources-${CONFIGURATION}-input-files.xcfilelist",
			);
			name = "[CP] Copy Pods Resources";
			outputFileListPaths = (
				"${PODS_ROOT}/Target Support Files/Pods-RN_BoilerplateApp-RN_BoilerplateAppTests/Pods-RN_BoilerplateApp-RN_BoilerplateAppTests-resources-${CONFIGURATION}-output-files.xcfilelist",
			);
			runOnlyForDeploymentPostprocessing = 0;
			shellPath = /bin/sh;
			shellScript = "\"${PODS_ROOT}/Target Support Files/Pods-RN_BoilerplateApp-RN_BoilerplateAppTests/Pods-RN_BoilerplateApp-RN_BoilerplateAppTests-resources.sh\"\n";
			showEnvVarsInLog = 0;
		};
		FC3628895CDC28A229223E7F /* [CP] Embed Pods Frameworks */ = {
			isa = PBXShellScriptBuildPhase;
			buildActionMask = 2147483647;
			files = (
			);
			inputFileListPaths = (
				"${PODS_ROOT}/Target Support Files/Pods-RN_BoilerplateApp-RN_BoilerplateAppTests/Pods-RN_BoilerplateApp-RN_BoilerplateAppTests-frameworks-${CONFIGURATION}-input-files.xcfilelist",
			);
			name = "[CP] Embed Pods Frameworks";
			outputFileListPaths = (
				"${PODS_ROOT}/Target Support Files/Pods-RN_BoilerplateApp-RN_BoilerplateAppTests/Pods-RN_BoilerplateApp-RN_BoilerplateAppTests-frameworks-${CONFIGURATION}-output-files.xcfilelist",
			);
			runOnlyForDeploymentPostprocessing = 0;
			shellPath = /bin/sh;
			shellScript = "\"${PODS_ROOT}/Target Support Files/Pods-RN_BoilerplateApp-RN_BoilerplateAppTests/Pods-RN_BoilerplateApp-RN_BoilerplateAppTests-frameworks.sh\"\n";
			showEnvVarsInLog = 0;
		};
/* End PBXShellScriptBuildPhase section */

/* Begin PBXSourcesBuildPhase section */
		00E356EA1AD99517003FC87E /* Sources */ = {
			isa = PBXSourcesBuildPhase;
			buildActionMask = 2147483647;
			files = (
				00E356F31AD99517003FC87E /* RN_BoilerplateAppTests.m in Sources */,
			);
			runOnlyForDeploymentPostprocessing = 0;
		};
		03B4FEA52E68AB1C00F37BE6 /* Sources */ = {
			isa = PBXSourcesBuildPhase;
			buildActionMask = 2147483647;
			files = (
				03B4FEA62E68AB1C00F37BE6 /* AppDelegate.mm in Sources */,
				03B4FEA72E68AB1C00F37BE6 /* main.m in Sources */,
			);
			runOnlyForDeploymentPostprocessing = 0;
		};
		03B4FEBC2E68BA0F00F37BE6 /* Sources */ = {
			isa = PBXSourcesBuildPhase;
			buildActionMask = 2147483647;
			files = (
				03B4FEBD2E68BA0F00F37BE6 /* AppDelegate.mm in Sources */,
				03B4FEBE2E68BA0F00F37BE6 /* main.m in Sources */,
			);
			runOnlyForDeploymentPostprocessing = 0;
		};
		13B07F871A680F5B00A75B9A /* Sources */ = {
			isa = PBXSourcesBuildPhase;
			buildActionMask = 2147483647;
			files = (
				13B07FBC1A68108700A75B9A /* AppDelegate.mm in Sources */,
				13B07FC11A68108700A75B9A /* main.m in Sources */,
			);
			runOnlyForDeploymentPostprocessing = 0;
		};
/* End PBXSourcesBuildPhase section */

/* Begin PBXTargetDependency section */
		00E356F51AD99517003FC87E /* PBXTargetDependency */ = {
			isa = PBXTargetDependency;
			target = 13B07F861A680F5B00A75B9A /* RN_BoilerplateApp */;
			targetProxy = 00E356F41AD99517003FC87E /* PBXContainerItemProxy */;
		};
/* End PBXTargetDependency section */

/* Begin XCBuildConfiguration section */
		00E356F61AD99517003FC87E /* Debug */ = {
			isa = XCBuildConfiguration;
			baseConfigurationReference = E896F2DE8D51A15F77161315 /* Pods-RN_BoilerplateApp-RN_BoilerplateAppTests.debug.xcconfig */;
			buildSettings = {
				BUNDLE_LOADER = "$(TEST_HOST)";
				GCC_PREPROCESSOR_DEFINITIONS = (
					"DEBUG=1",
					"$(inherited)",
				);
				INFOPLIST_FILE = RN_BoilerplateAppTests/Info.plist;
				IPHONEOS_DEPLOYMENT_TARGET = 15.1;
				LD_RUNPATH_SEARCH_PATHS = (
					"$(inherited)",
					"@executable_path/Frameworks",
					"@loader_path/Frameworks",
				);
				OTHER_LDFLAGS = (
					"-ObjC",
					"-lc++",
					"$(inherited)",
				);
				PRODUCT_BUNDLE_IDENTIFIER = "org.reactjs.native.example.$(PRODUCT_NAME:rfc1034identifier)";
				PRODUCT_NAME = "$(TARGET_NAME)";
				TEST_HOST = "$(BUILT_PRODUCTS_DIR)/RN_BoilerplateApp.app/RN_BoilerplateApp";
			};
			name = Debug;
		};
		00E356F71AD99517003FC87E /* Release */ = {
			isa = XCBuildConfiguration;
			baseConfigurationReference = 4E276941AD4D1828C868D76B /* Pods-RN_BoilerplateApp-RN_BoilerplateAppTests.release.xcconfig */;
			buildSettings = {
				BUNDLE_LOADER = "$(TEST_HOST)";
				COPY_PHASE_STRIP = NO;
				INFOPLIST_FILE = RN_BoilerplateAppTests/Info.plist;
				IPHONEOS_DEPLOYMENT_TARGET = 15.1;
				LD_RUNPATH_SEARCH_PATHS = (
					"$(inherited)",
					"@executable_path/Frameworks",
					"@loader_path/Frameworks",
				);
				OTHER_LDFLAGS = (
					"-ObjC",
					"-lc++",
					"$(inherited)",
				);
				PRODUCT_BUNDLE_IDENTIFIER = "org.reactjs.native.example.$(PRODUCT_NAME:rfc1034identifier)";
				PRODUCT_NAME = "$(TARGET_NAME)";
				TEST_HOST = "$(BUILT_PRODUCTS_DIR)/RN_BoilerplateApp.app/RN_BoilerplateApp";
			};
			name = Release;
		};
		03B4FEB62E68AB1C00F37BE6 /* Debug */ = {
			isa = XCBuildConfiguration;
			baseConfigurationReference = 5024014C0B64C294D9EFF86E /* Pods-RN_BoilerplateApp-RN_BoilerplateApp_Dev.debug.xcconfig */;
			buildSettings = {
				APP_DISPLAY_NAME = "Dev-Boilerplate-Debug";
				ASSETCATALOG_COMPILER_APPICON_NAME = AppIcon_Dev;
				CLANG_ENABLE_MODULES = YES;
				CURRENT_PROJECT_VERSION = 1;
				ENABLE_BITCODE = NO;
				INFOPLIST_FILE = "RN_BoilerplateApp/Dev-Info.plist";
				IPHONEOS_DEPLOYMENT_TARGET = 15.1;
				LD_RUNPATH_SEARCH_PATHS = (
					"$(inherited)",
					"@executable_path/Frameworks",
				);
				MARKETING_VERSION = 1.0;
				OTHER_LDFLAGS = (
					"$(inherited)",
					"-ObjC",
					"-lc++",
				);
				PRODUCT_BUNDLE_IDENTIFIER = org.rnboilerplateapp.dev;
				PRODUCT_NAME = "$(TARGET_NAME)";
				SWIFT_OPTIMIZATION_LEVEL = "-Onone";
				SWIFT_VERSION = 5.0;
				VERSIONING_SYSTEM = "apple-generic";
			};
			name = Debug;
		};
		03B4FEB72E68AB1C00F37BE6 /* Release */ = {
			isa = XCBuildConfiguration;
			baseConfigurationReference = 314A31C0927801B2AA832E17 /* Pods-RN_BoilerplateApp-RN_BoilerplateApp_Dev.release.xcconfig */;
			buildSettings = {
				APP_DISPLAY_NAME = "Dev-Boilerplate";
				ASSETCATALOG_COMPILER_APPICON_NAME = AppIcon_Dev;
				CLANG_ENABLE_MODULES = YES;
				CURRENT_PROJECT_VERSION = 1;
				INFOPLIST_FILE = "RN_BoilerplateApp/Dev-Info.plist";
				IPHONEOS_DEPLOYMENT_TARGET = 15.1;
				LD_RUNPATH_SEARCH_PATHS = (
					"$(inherited)",
					"@executable_path/Frameworks",
				);
				MARKETING_VERSION = 1.0;
				OTHER_LDFLAGS = (
					"$(inherited)",
					"-ObjC",
					"-lc++",
				);
				PRODUCT_BUNDLE_IDENTIFIER = org.rnboilerplateapp.dev;
				PRODUCT_NAME = "$(TARGET_NAME)";
				SWIFT_VERSION = 5.0;
				VERSIONING_SYSTEM = "apple-generic";
			};
			name = Release;
		};
		03B4FECD2E68BA0F00F37BE6 /* Debug */ = {
			isa = XCBuildConfiguration;
			baseConfigurationReference = E7B12852069F8D916AA34AEE /* Pods-RN_BoilerplateApp-RN_BoilerplateApp_Staging.debug.xcconfig */;
			buildSettings = {
				APP_DISPLAY_NAME = "Staging-Boilerplate-Debug";
				ASSETCATALOG_COMPILER_APPICON_NAME = AppIcon_Staging;
				CLANG_ENABLE_MODULES = YES;
				CURRENT_PROJECT_VERSION = 1;
				ENABLE_BITCODE = NO;
				INFOPLIST_FILE = "RN_BoilerplateApp/Staging-Info.plist";
				IPHONEOS_DEPLOYMENT_TARGET = 15.1;
				LD_RUNPATH_SEARCH_PATHS = (
					"$(inherited)",
					"@executable_path/Frameworks",
				);
				MARKETING_VERSION = 1.0;
				OTHER_LDFLAGS = (
					"$(inherited)",
					"-ObjC",
					"-lc++",
				);
				PRODUCT_BUNDLE_IDENTIFIER = org.rnboilerplateapp.staging;
				PRODUCT_NAME = "$(TARGET_NAME)";
				SWIFT_OPTIMIZATION_LEVEL = "-Onone";
				SWIFT_VERSION = 5.0;
				VERSIONING_SYSTEM = "apple-generic";
			};
			name = Debug;
		};
		03B4FECE2E68BA0F00F37BE6 /* Release */ = {
			isa = XCBuildConfiguration;
			baseConfigurationReference = 6B663A9CC547B563221E9A3B /* Pods-RN_BoilerplateApp-RN_BoilerplateApp_Staging.release.xcconfig */;
			buildSettings = {
				APP_DISPLAY_NAME = "Staging-Boilerplate";
				ASSETCATALOG_COMPILER_APPICON_NAME = AppIcon_Staging;
				CLANG_ENABLE_MODULES = YES;
				CURRENT_PROJECT_VERSION = 1;
				INFOPLIST_FILE = "RN_BoilerplateApp/Staging-Info.plist";
				IPHONEOS_DEPLOYMENT_TARGET = 15.1;
				LD_RUNPATH_SEARCH_PATHS = (
					"$(inherited)",
					"@executable_path/Frameworks",
				);
				MARKETING_VERSION = 1.0;
				OTHER_LDFLAGS = (
					"$(inherited)",
					"-ObjC",
					"-lc++",
				);
				PRODUCT_BUNDLE_IDENTIFIER = org.rnboilerplateapp.staging;
				PRODUCT_NAME = "$(TARGET_NAME)";
				SWIFT_VERSION = 5.0;
				VERSIONING_SYSTEM = "apple-generic";
			};
			name = Release;
		};
		13B07F941A680F5B00A75B9A /* Debug */ = {
			isa = XCBuildConfiguration;
			baseConfigurationReference = DB78E6024E013C6E14052C22 /* Pods-RN_BoilerplateApp.debug.xcconfig */;
			buildSettings = {
				ASSETCATALOG_COMPILER_APPICON_NAME = AppIcon;
				CLANG_ENABLE_MODULES = YES;
				CURRENT_PROJECT_VERSION = 1;
				ENABLE_BITCODE = NO;
				INFOPLIST_FILE = RN_BoilerplateApp/Info.plist;
				IPHONEOS_DEPLOYMENT_TARGET = 15.1;
				LD_RUNPATH_SEARCH_PATHS = (
					"$(inherited)",
					"@executable_path/Frameworks",
				);
				MARKETING_VERSION = 1.0;
				OTHER_LDFLAGS = (
					"$(inherited)",
					"-ObjC",
					"-lc++",
				);
				PRODUCT_BUNDLE_IDENTIFIER = org.rnboilerplateapp;
				PRODUCT_NAME = RN_BoilerplateApp;
				SWIFT_OPTIMIZATION_LEVEL = "-Onone";
				SWIFT_VERSION = 5.0;
				VERSIONING_SYSTEM = "apple-generic";
			};
			name = Debug;
		};
		13B07F951A680F5B00A75B9A /* Release */ = {
			isa = XCBuildConfiguration;
			baseConfigurationReference = 8F6568B5C6494C0557CDB785 /* Pods-RN_BoilerplateApp.release.xcconfig */;
			buildSettings = {
				ASSETCATALOG_COMPILER_APPICON_NAME = AppIcon;
				CLANG_ENABLE_MODULES = YES;
				CURRENT_PROJECT_VERSION = 1;
				INFOPLIST_FILE = RN_BoilerplateApp/Info.plist;
				IPHONEOS_DEPLOYMENT_TARGET = 15.1;
				LD_RUNPATH_SEARCH_PATHS = (
					"$(inherited)",
					"@executable_path/Frameworks",
				);
				MARKETING_VERSION = 1.0;
				OTHER_LDFLAGS = (
					"$(inherited)",
					"-ObjC",
					"-lc++",
				);
				PRODUCT_BUNDLE_IDENTIFIER = org.rnboilerplateapp;
				PRODUCT_NAME = RN_BoilerplateApp;
				SWIFT_VERSION = 5.0;
				VERSIONING_SYSTEM = "apple-generic";
			};
			name = Release;
		};
		83CBBA201A601CBA00E9B192 /* Debug */ = {
			isa = XCBuildConfiguration;
			buildSettings = {
				ALWAYS_SEARCH_USER_PATHS = NO;
				APP_DISPLAY_NAME = "Boilerplate-Debug";
				CLANG_ANALYZER_LOCALIZABILITY_NONLOCALIZED = YES;
				CLANG_CXX_LANGUAGE_STANDARD = "c++20";
				CLANG_CXX_LIBRARY = "libc++";
				CLANG_ENABLE_MODULES = YES;
				CLANG_ENABLE_OBJC_ARC = YES;
				CLANG_WARN_BLOCK_CAPTURE_AUTORELEASING = YES;
				CLANG_WARN_BOOL_CONVERSION = YES;
				CLANG_WARN_COMMA = YES;
				CLANG_WARN_CONSTANT_CONVERSION = YES;
				CLANG_WARN_DEPRECATED_OBJC_IMPLEMENTATIONS = YES;
				CLANG_WARN_DIRECT_OBJC_ISA_USAGE = YES_ERROR;
				CLANG_WARN_EMPTY_BODY = YES;
				CLANG_WARN_ENUM_CONVERSION = YES;
				CLANG_WARN_INFINITE_RECURSION = YES;
				CLANG_WARN_INT_CONVERSION = YES;
				CLANG_WARN_NON_LITERAL_NULL_CONVERSION = YES;
				CLANG_WARN_OBJC_IMPLICIT_RETAIN_SELF = YES;
				CLANG_WARN_OBJC_LITERAL_CONVERSION = YES;
				CLANG_WARN_OBJC_ROOT_CLASS = YES_ERROR;
				CLANG_WARN_QUOTED_INCLUDE_IN_FRAMEWORK_HEADER = YES;
				CLANG_WARN_RANGE_LOOP_ANALYSIS = YES;
				CLANG_WARN_STRICT_PROTOTYPES = YES;
				CLANG_WARN_SUSPICIOUS_MOVE = YES;
				CLANG_WARN_UNREACHABLE_CODE = YES;
				CLANG_WARN__DUPLICATE_METHOD_MATCH = YES;
				"CODE_SIGN_IDENTITY[sdk=iphoneos*]" = "iPhone Developer";
				COPY_PHASE_STRIP = NO;
				ENABLE_STRICT_OBJC_MSGSEND = YES;
				ENABLE_TESTABILITY = YES;
				"EXCLUDED_ARCHS[sdk=iphonesimulator*]" = "";
				GCC_C_LANGUAGE_STANDARD = gnu99;
				GCC_DYNAMIC_NO_PIC = NO;
				GCC_NO_COMMON_BLOCKS = YES;
				GCC_OPTIMIZATION_LEVEL = 0;
				GCC_PREPROCESSOR_DEFINITIONS = (
					"DEBUG=1",
					"$(inherited)",
				);
				GCC_SYMBOLS_PRIVATE_EXTERN = NO;
				GCC_WARN_64_TO_32_BIT_CONVERSION = YES;
				GCC_WARN_ABOUT_RETURN_TYPE = YES_ERROR;
				GCC_WARN_UNDECLARED_SELECTOR = YES;
				GCC_WARN_UNINITIALIZED_AUTOS = YES_AGGRESSIVE;
				GCC_WARN_UNUSED_FUNCTION = YES;
				GCC_WARN_UNUSED_VARIABLE = YES;
				IPHONEOS_DEPLOYMENT_TARGET = 15.1;
				LD_RUNPATH_SEARCH_PATHS = (
					/usr/lib/swift,
					"$(inherited)",
				);
				LIBRARY_SEARCH_PATHS = (
					"\"$(SDKROOT)/usr/lib/swift\"",
					"\"$(TOOLCHAIN_DIR)/usr/lib/swift/$(PLATFORM_NAME)\"",
					"\"$(inherited)\"",
				);
				MTL_ENABLE_DEBUG_INFO = YES;
				ONLY_ACTIVE_ARCH = YES;
				OTHER_CPLUSPLUSFLAGS = (
					"$(OTHER_CFLAGS)",
					"-DFOLLY_NO_CONFIG",
					"-DFOLLY_MOBILE=1",
					"-DFOLLY_USE_LIBCPP=1",
					"-DFOLLY_CFG_NO_COROUTINES=1",
					"-DFOLLY_HAVE_CLOCK_GETTIME=1",
				);
				OTHER_LDFLAGS = "$(inherited)  ";
				REACT_NATIVE_PATH = "${PODS_ROOT}/../../node_modules/react-native";
				SDKROOT = iphoneos;
				SWIFT_ACTIVE_COMPILATION_CONDITIONS = "$(inherited) DEBUG";
				USE_HERMES = true;
			};
			name = Debug;
		};
		83CBBA211A601CBA00E9B192 /* Release */ = {
			isa = XCBuildConfiguration;
			buildSettings = {
				ALWAYS_SEARCH_USER_PATHS = NO;
				APP_DISPLAY_NAME = Boilerplate;
				CLANG_ANALYZER_LOCALIZABILITY_NONLOCALIZED = YES;
				CLANG_CXX_LANGUAGE_STANDARD = "c++20";
				CLANG_CXX_LIBRARY = "libc++";
				CLANG_ENABLE_MODULES = YES;
				CLANG_ENABLE_OBJC_ARC = YES;
				CLANG_WARN_BLOCK_CAPTURE_AUTORELEASING = YES;
				CLANG_WARN_BOOL_CONVERSION = YES;
				CLANG_WARN_COMMA = YES;
				CLANG_WARN_CONSTANT_CONVERSION = YES;
				CLANG_WARN_DEPRECATED_OBJC_IMPLEMENTATIONS = YES;
				CLANG_WARN_DIRECT_OBJC_ISA_USAGE = YES_ERROR;
				CLANG_WARN_EMPTY_BODY = YES;
				CLANG_WARN_ENUM_CONVERSION = YES;
				CLANG_WARN_INFINITE_RECURSION = YES;
				CLANG_WARN_INT_CONVERSION = YES;
				CLANG_WARN_NON_LITERAL_NULL_CONVERSION = YES;
				CLANG_WARN_OBJC_IMPLICIT_RETAIN_SELF = YES;
				CLANG_WARN_OBJC_LITERAL_CONVERSION = YES;
				CLANG_WARN_OBJC_ROOT_CLASS = YES_ERROR;
				CLANG_WARN_QUOTED_INCLUDE_IN_FRAMEWORK_HEADER = YES;
				CLANG_WARN_RANGE_LOOP_ANALYSIS = YES;
				CLANG_WARN_STRICT_PROTOTYPES = YES;
				CLANG_WARN_SUSPICIOUS_MOVE = YES;
				CLANG_WARN_UNREACHABLE_CODE = YES;
				CLANG_WARN__DUPLICATE_METHOD_MATCH = YES;
				"CODE_SIGN_IDENTITY[sdk=iphoneos*]" = "iPhone Developer";
				COPY_PHASE_STRIP = YES;
				ENABLE_NS_ASSERTIONS = NO;
				ENABLE_STRICT_OBJC_MSGSEND = YES;
				"EXCLUDED_ARCHS[sdk=iphonesimulator*]" = "";
				GCC_C_LANGUAGE_STANDARD = gnu99;
				GCC_NO_COMMON_BLOCKS = YES;
				GCC_WARN_64_TO_32_BIT_CONVERSION = YES;
				GCC_WARN_ABOUT_RETURN_TYPE = YES_ERROR;
				GCC_WARN_UNDECLARED_SELECTOR = YES;
				GCC_WARN_UNINITIALIZED_AUTOS = YES_AGGRESSIVE;
				GCC_WARN_UNUSED_FUNCTION = YES;
				GCC_WARN_UNUSED_VARIABLE = YES;
				IPHONEOS_DEPLOYMENT_TARGET = 15.1;
				LD_RUNPATH_SEARCH_PATHS = (
					/usr/lib/swift,
					"$(inherited)",
				);
				LIBRARY_SEARCH_PATHS = (
					"\"$(SDKROOT)/usr/lib/swift\"",
					"\"$(TOOLCHAIN_DIR)/usr/lib/swift/$(PLATFORM_NAME)\"",
					"\"$(inherited)\"",
				);
				MTL_ENABLE_DEBUG_INFO = NO;
				OTHER_CPLUSPLUSFLAGS = (
					"$(OTHER_CFLAGS)",
					"-DFOLLY_NO_CONFIG",
					"-DFOLLY_MOBILE=1",
					"-DFOLLY_USE_LIBCPP=1",
					"-DFOLLY_CFG_NO_COROUTINES=1",
					"-DFOLLY_HAVE_CLOCK_GETTIME=1",
				);
				OTHER_LDFLAGS = "$(inherited)  ";
				REACT_NATIVE_PATH = "${PODS_ROOT}/../../node_modules/react-native";
				SDKROOT = iphoneos;
				USE_HERMES = true;
				VALIDATE_PRODUCT = YES;
			};
			name = Release;
		};
/* End XCBuildConfiguration section */

/* Begin XCConfigurationList section */
		00E357021AD99517003FC87E /* Build configuration list for PBXNativeTarget "RN_BoilerplateAppTests" */ = {
			isa = XCConfigurationList;
			buildConfigurations = (
				00E356F61AD99517003FC87E /* Debug */,
				00E356F71AD99517003FC87E /* Release */,
			);
			defaultConfigurationIsVisible = 0;
			defaultConfigurationName = Release;
		};
		03B4FEB52E68AB1C00F37BE6 /* Build configuration list for PBXNativeTarget "RN_BoilerplateApp_Dev" */ = {
			isa = XCConfigurationList;
			buildConfigurations = (
				03B4FEB62E68AB1C00F37BE6 /* Debug */,
				03B4FEB72E68AB1C00F37BE6 /* Release */,
			);
			defaultConfigurationIsVisible = 0;
			defaultConfigurationName = Release;
		};
		03B4FECC2E68BA0F00F37BE6 /* Build configuration list for PBXNativeTarget "RN_BoilerplateApp_Staging" */ = {
			isa = XCConfigurationList;
			buildConfigurations = (
				03B4FECD2E68BA0F00F37BE6 /* Debug */,
				03B4FECE2E68BA0F00F37BE6 /* Release */,
			);
			defaultConfigurationIsVisible = 0;
			defaultConfigurationName = Release;
		};
		13B07F931A680F5B00A75B9A /* Build configuration list for PBXNativeTarget "RN_BoilerplateApp" */ = {
			isa = XCConfigurationList;
			buildConfigurations = (
				13B07F941A680F5B00A75B9A /* Debug */,
				13B07F951A680F5B00A75B9A /* Release */,
			);
			defaultConfigurationIsVisible = 0;
			defaultConfigurationName = Release;
		};
		83CBB9FA1A601CBA00E9B192 /* Build configuration list for PBXProject "RN_BoilerplateApp" */ = {
			isa = XCConfigurationList;
			buildConfigurations = (
				83CBBA201A601CBA00E9B192 /* Debug */,
				83CBBA211A601CBA00E9B192 /* Release */,
			);
			defaultConfigurationIsVisible = 0;
			defaultConfigurationName = Release;
		};
/* End XCConfigurationList section */
	};
	rootObject = 83CBB9F71A601CBA00E9B192 /* Project object */;
}
